// !$*UTF8*$!
{
	archiveVersion = 1;
	classes = {
	};
	objectVersion = 56;
	objects = {

/* Begin PBXBuildFile section */
		E5C5BF5129BA9EDE00AAB593 /* CameraApp.swift in Sources */ = {isa = PBXBuildFile; fileRef = E5C5BF5029BA9EDE00AAB593 /* CameraApp.swift */; };
		E5C5BF5329BA9EDE00AAB593 /* ContentView.swift in Sources */ = {isa = PBXBuildFile; fileRef = E5C5BF5229BA9EDE00AAB593 /* ContentView.swift */; };
		E5C5BF5529BA9EDF00AAB593 /* Assets.xcassets in Resources */ = {isa = PBXBuildFile; fileRef = E5C5BF5429BA9EDF00AAB593 /* Assets.xcassets */; };
		E5C5BF5929BA9EDF00AAB593 /* Preview Assets.xcassets in Resources */ = {isa = PBXBuildFile; fileRef = E5C5BF5829BA9EDF00AAB593 /* Preview Assets.xcassets */; };
		E5C5BF6229BAA0D100AAB593 /* CameraManager.swift in Sources */ = {isa = PBXBuildFile; fileRef = E5C5BF6129BAA0D100AAB593 /* CameraManager.swift */; };
		E5C5BF6429BAA54E00AAB593 /* FrameManager.swift in Sources */ = {isa = PBXBuildFile; fileRef = E5C5BF6329BAA54E00AAB593 /* FrameManager.swift */; };
		E5C5BF6629BAA57F00AAB593 /* ContentViewModel.swift in Sources */ = {isa = PBXBuildFile; fileRef = E5C5BF6529BAA57F00AAB593 /* ContentViewModel.swift */; };
		E5C5BF6829BAA5A200AAB593 /* FrameView.swift in Sources */ = {isa = PBXBuildFile; fileRef = E5C5BF6729BAA5A200AAB593 /* FrameView.swift */; };
		E5C5BF6A29BAA5BC00AAB593 /* ErrorView.swift in Sources */ = {isa = PBXBuildFile; fileRef = E5C5BF6929BAA5BC00AAB593 /* ErrorView.swift */; };
		E5C5BF6C29BAA5FA00AAB593 /* ControlView.swift in Sources */ = {isa = PBXBuildFile; fileRef = E5C5BF6B29BAA5FA00AAB593 /* ControlView.swift */; };
		E5C5BF6E29BAA65D00AAB593 /* PhotoManager.swift in Sources */ = {isa = PBXBuildFile; fileRef = E5C5BF6D29BAA65D00AAB593 /* PhotoManager.swift */; };
/* End PBXBuildFile section */

/* Begin PBXFileReference section */
		E5C5BF4D29BA9EDE00AAB593 /* CameraApp.app */ = {isa = PBXFileReference; explicitFileType = wrapper.application; includeInIndex = 0; path = CameraApp.app; sourceTree = BUILT_PRODUCTS_DIR; };
		E5C5BF5029BA9EDE00AAB593 /* CameraApp.swift */ = {isa = PBXFileReference; lastKnownFileType = sourcecode.swift; path = CameraApp.swift; sourceTree = "<group>"; };
		E5C5BF5229BA9EDE00AAB593 /* ContentView.swift */ = {isa = PBXFileReference; lastKnownFileType = sourcecode.swift; path = ContentView.swift; sourceTree = "<group>"; };
		E5C5BF5429BA9EDF00AAB593 /* Assets.xcassets */ = {isa = PBXFileReference; lastKnownFileType = folder.assetcatalog; path = Assets.xcassets; sourceTree = "<group>"; };
		E5C5BF5629BA9EDF00AAB593 /* CameraApp.entitlements */ = {isa = PBXFileReference; lastKnownFileType = text.plist.entitlements; path = CameraApp.entitlements; sourceTree = "<group>"; };
		E5C5BF5829BA9EDF00AAB593 /* Preview Assets.xcassets */ = {isa = PBXFileReference; lastKnownFileType = folder.assetcatalog; path = "Preview Assets.xcassets"; sourceTree = "<group>"; };
		E5C5BF6129BAA0D100AAB593 /* CameraManager.swift */ = {isa = PBXFileReference; lastKnownFileType = sourcecode.swift; path = CameraManager.swift; sourceTree = "<group>"; };
		E5C5BF6329BAA54E00AAB593 /* FrameManager.swift */ = {isa = PBXFileReference; lastKnownFileType = sourcecode.swift; path = FrameManager.swift; sourceTree = "<group>"; };
		E5C5BF6529BAA57F00AAB593 /* ContentViewModel.swift */ = {isa = PBXFileReference; lastKnownFileType = sourcecode.swift; path = ContentViewModel.swift; sourceTree = "<group>"; };
		E5C5BF6729BAA5A200AAB593 /* FrameView.swift */ = {isa = PBXFileReference; lastKnownFileType = sourcecode.swift; path = FrameView.swift; sourceTree = "<group>"; };
		E5C5BF6929BAA5BC00AAB593 /* ErrorView.swift */ = {isa = PBXFileReference; lastKnownFileType = sourcecode.swift; path = ErrorView.swift; sourceTree = "<group>"; };
		E5C5BF6B29BAA5FA00AAB593 /* ControlView.swift */ = {isa = PBXFileReference; lastKnownFileType = sourcecode.swift; path = ControlView.swift; sourceTree = "<group>"; };
		E5C5BF6D29BAA65D00AAB593 /* PhotoManager.swift */ = {isa = PBXFileReference; lastKnownFileType = sourcecode.swift; path = PhotoManager.swift; sourceTree = "<group>"; };
		E5C5BF7029BABBC600AAB593 /* Info.plist */ = {isa = PBXFileReference; lastKnownFileType = text.plist; path = Info.plist; sourceTree = "<group>"; };
/* End PBXFileReference section */

/* Begin PBXFrameworksBuildPhase section */
		E5C5BF4A29BA9EDE00AAB593 /* Frameworks */ = {
			isa = PBXFrameworksBuildPhase;
			buildActionMask = 2147483647;
			files = (
			);
			runOnlyForDeploymentPostprocessing = 0;
		};
/* End PBXFrameworksBuildPhase section */

/* Begin PBXGroup section */
		E5C5BF4429BA9EDE00AAB593 = {
			isa = PBXGroup;
			children = (
				E5C5BF4F29BA9EDE00AAB593 /* CameraApp */,
				E5C5BF4E29BA9EDE00AAB593 /* Products */,
			);
			sourceTree = "<group>";
		};
		E5C5BF4E29BA9EDE00AAB593 /* Products */ = {
			isa = PBXGroup;
			children = (
				E5C5BF4D29BA9EDE00AAB593 /* CameraApp.app */,
			);
			name = Products;
			sourceTree = "<group>";
		};
		E5C5BF4F29BA9EDE00AAB593 /* CameraApp */ = {
			isa = PBXGroup;
			children = (
				E5C5BF7129BAC4DB00AAB593 /* Views */,
				E5C5BF6029BAA0B400AAB593 /* Camera */,
				E5C5BF6F29BAA89D00AAB593 /* ViewModels */,
				E5C5BF7029BABBC600AAB593 /* Info.plist */,
				E5C5BF5029BA9EDE00AAB593 /* CameraApp.swift */,
				E5C5BF5429BA9EDF00AAB593 /* Assets.xcassets */,
				E5C5BF5629BA9EDF00AAB593 /* CameraApp.entitlements */,
				E5C5BF5729BA9EDF00AAB593 /* Preview Content */,
			);
			path = CameraApp;
			sourceTree = "<group>";
		};
		E5C5BF5729BA9EDF00AAB593 /* Preview Content */ = {
			isa = PBXGroup;
			children = (
				E5C5BF5829BA9EDF00AAB593 /* Preview Assets.xcassets */,
			);
			path = "Preview Content";
			sourceTree = "<group>";
		};
		E5C5BF6029BAA0B400AAB593 /* Camera */ = {
			isa = PBXGroup;
			children = (
				E5C5BF6129BAA0D100AAB593 /* CameraManager.swift */,
				E5C5BF6329BAA54E00AAB593 /* FrameManager.swift */,
				E5C5BF6B29BAA5FA00AAB593 /* ControlView.swift */,
				E5C5BF6D29BAA65D00AAB593 /* PhotoManager.swift */,
			);
			path = Camera;
			sourceTree = "<group>";
		};
		E5C5BF6F29BAA89D00AAB593 /* ViewModels */ = {
			isa = PBXGroup;
			children = (
				E5C5BF6529BAA57F00AAB593 /* ContentViewModel.swift */,
			);
			path = ViewModels;
			sourceTree = "<group>";
		};
		E5C5BF7129BAC4DB00AAB593 /* Views */ = {
			isa = PBXGroup;
			children = (
				E5C5BF5229BA9EDE00AAB593 /* ContentView.swift */,
				E5C5BF6729BAA5A200AAB593 /* FrameView.swift */,
				E5C5BF6929BAA5BC00AAB593 /* ErrorView.swift */,
			);
			path = Views;
			sourceTree = "<group>";
		};
/* End PBXGroup section */

/* Begin PBXNativeTarget section */
		E5C5BF4C29BA9EDE00AAB593 /* CameraApp */ = {
			isa = PBXNativeTarget;
			buildConfigurationList = E5C5BF5C29BA9EDF00AAB593 /* Build configuration list for PBXNativeTarget "CameraApp" */;
			buildPhases = (
				E5C5BF4929BA9EDE00AAB593 /* Sources */,
				E5C5BF4A29BA9EDE00AAB593 /* Frameworks */,
				E5C5BF4B29BA9EDE00AAB593 /* Resources */,
			);
			buildRules = (
			);
			dependencies = (
			);
			name = CameraApp;
			productName = CameraApp;
			productReference = E5C5BF4D29BA9EDE00AAB593 /* CameraApp.app */;
			productType = "com.apple.product-type.application";
		};
/* End PBXNativeTarget section */

/* Begin PBXProject section */
		E5C5BF4529BA9EDE00AAB593 /* Project object */ = {
			isa = PBXProject;
			attributes = {
				BuildIndependentTargetsInParallel = 1;
				LastSwiftUpdateCheck = 1420;
				LastUpgradeCheck = 1420;
				TargetAttributes = {
					E5C5BF4C29BA9EDE00AAB593 = {
						CreatedOnToolsVersion = 14.2;
					};
				};
			};
			buildConfigurationList = E5C5BF4829BA9EDE00AAB593 /* Build configuration list for PBXProject "CameraApp" */;
			compatibilityVersion = "Xcode 14.0";
			developmentRegion = en;
			hasScannedForEncodings = 0;
			knownRegions = (
				en,
				Base,
			);
			mainGroup = E5C5BF4429BA9EDE00AAB593;
			productRefGroup = E5C5BF4E29BA9EDE00AAB593 /* Products */;
			projectDirPath = "";
			projectRoot = "";
			targets = (
				E5C5BF4C29BA9EDE00AAB593 /* CameraApp */,
			);
		};
/* End PBXProject section */

/* Begin PBXResourcesBuildPhase section */
		E5C5BF4B29BA9EDE00AAB593 /* Resources */ = {
			isa = PBXResourcesBuildPhase;
			buildActionMask = 2147483647;
			files = (
				E5C5BF5929BA9EDF00AAB593 /* Preview Assets.xcassets in Resources */,
				E5C5BF5529BA9EDF00AAB593 /* Assets.xcassets in Resources */,
			);
			runOnlyForDeploymentPostprocessing = 0;
		};
/* End PBXResourcesBuildPhase section */

/* Begin PBXSourcesBuildPhase section */
		E5C5BF4929BA9EDE00AAB593 /* Sources */ = {
			isa = PBXSourcesBuildPhase;
			buildActionMask = 2147483647;
			files = (
				E5C5BF6C29BAA5FA00AAB593 /* ControlView.swift in Sources */,
				E5C5BF6829BAA5A200AAB593 /* FrameView.swift in Sources */,
				E5C5BF5329BA9EDE00AAB593 /* ContentView.swift in Sources */,
				E5C5BF6E29BAA65D00AAB593 /* PhotoManager.swift in Sources */,
				E5C5BF6229BAA0D100AAB593 /* CameraManager.swift in Sources */,
				E5C5BF5129BA9EDE00AAB593 /* CameraApp.swift in Sources */,
				E5C5BF6A29BAA5BC00AAB593 /* ErrorView.swift in Sources */,
				E5C5BF6429BAA54E00AAB593 /* FrameManager.swift in Sources */,
				E5C5BF6629BAA57F00AAB593 /* ContentViewModel.swift in Sources */,
			);
			runOnlyForDeploymentPostprocessing = 0;
		};
/* End PBXSourcesBuildPhase section */

/* Begin XCBuildConfiguration section */
		E5C5BF5A29BA9EDF00AAB593 /* Debug */ = {
			isa = XCBuildConfiguration;
			buildSettings = {
				ALWAYS_SEARCH_USER_PATHS = NO;
				CLANG_ANALYZER_NONNULL = YES;
				CLANG_ANALYZER_NUMBER_OBJECT_CONVERSION = YES_AGGRESSIVE;
				CLANG_CXX_LANGUAGE_STANDARD = "gnu++20";
				CLANG_ENABLE_MODULES = YES;
				CLANG_ENABLE_OBJC_ARC = YES;
				CLANG_ENABLE_OBJC_WEAK = YES;
				CLANG_WARN_BLOCK_CAPTURE_AUTORELEASING = YES;
				CLANG_WARN_BOOL_CONVERSION = YES;
				CLANG_WARN_COMMA = YES;
				CLANG_WARN_CONSTANT_CONVERSION = YES;
				CLANG_WARN_DEPRECATED_OBJC_IMPLEMENTATIONS = YES;
				CLANG_WARN_DIRECT_OBJC_ISA_USAGE = YES_ERROR;
				CLANG_WARN_DOCUMENTATION_COMMENTS = YES;
				CLANG_WARN_EMPTY_BODY = YES;
				CLANG_WARN_ENUM_CONVERSION = YES;
				CLANG_WARN_INFINITE_RECURSION = YES;
				CLANG_WARN_INT_CONVERSION = YES;
				CLANG_WARN_NON_LITERAL_NULL_CONVERSION = YES;
				CLANG_WARN_OBJC_IMPLICIT_RETAIN_SELF = YES;
				CLANG_WARN_OBJC_LITERAL_CONVERSION = YES;
				CLANG_WARN_OBJC_ROOT_CLASS = YES_ERROR;
				CLANG_WARN_QUOTED_INCLUDE_IN_FRAMEWORK_HEADER = YES;
				CLANG_WARN_RANGE_LOOP_ANALYSIS = YES;
				CLANG_WARN_STRICT_PROTOTYPES = YES;
				CLANG_WARN_SUSPICIOUS_MOVE = YES;
				CLANG_WARN_UNGUARDED_AVAILABILITY = YES_AGGRESSIVE;
				CLANG_WARN_UNREACHABLE_CODE = YES;
				CLANG_WARN__DUPLICATE_METHOD_MATCH = YES;
				COPY_PHASE_STRIP = NO;
				DEBUG_INFORMATION_FORMAT = dwarf;
				ENABLE_STRICT_OBJC_MSGSEND = YES;
				ENABLE_TESTABILITY = YES;
				GCC_C_LANGUAGE_STANDARD = gnu11;
				GCC_DYNAMIC_NO_PIC = NO;
				GCC_NO_COMMON_BLOCKS = YES;
				GCC_OPTIMIZATION_LEVEL = 0;
				GCC_PREPROCESSOR_DEFINITIONS = (
					"DEBUG=1",
					"$(inherited)",
				);
				GCC_WARN_64_TO_32_BIT_CONVERSION = YES;
				GCC_WARN_ABOUT_RETURN_TYPE = YES_ERROR;
				GCC_WARN_UNDECLARED_SELECTOR = YES;
				GCC_WARN_UNINITIALIZED_AUTOS = YES_AGGRESSIVE;
				GCC_WARN_UNUSED_FUNCTION = YES;
				GCC_WARN_UNUSED_VARIABLE = YES;
				MTL_ENABLE_DEBUG_INFO = INCLUDE_SOURCE;
				MTL_FAST_MATH = YES;
				ONLY_ACTIVE_ARCH = YES;
				SWIFT_ACTIVE_COMPILATION_CONDITIONS = DEBUG;
				SWIFT_OPTIMIZATION_LEVEL = "-Onone";
			};
			name = Debug;
		};
		E5C5BF5B29BA9EDF00AAB593 /* Release */ = {
			isa = XCBuildConfiguration;
			buildSettings = {
				ALWAYS_SEARCH_USER_PATHS = NO;
				CLANG_ANALYZER_NONNULL = YES;
				CLANG_ANALYZER_NUMBER_OBJECT_CONVERSION = YES_AGGRESSIVE;
				CLANG_CXX_LANGUAGE_STANDARD = "gnu++20";
				CLANG_ENABLE_MODULES = YES;
				CLANG_ENABLE_OBJC_ARC = YES;
				CLANG_ENABLE_OBJC_WEAK = YES;
				CLANG_WARN_BLOCK_CAPTURE_AUTORELEASING = YES;
				CLANG_WARN_BOOL_CONVERSION = YES;
				CLANG_WARN_COMMA = YES;
				CLANG_WARN_CONSTANT_CONVERSION = YES;
				CLANG_WARN_DEPRECATED_OBJC_IMPLEMENTATIONS = YES;
				CLANG_WARN_DIRECT_OBJC_ISA_USAGE = YES_ERROR;
				CLANG_WARN_DOCUMENTATION_COMMENTS = YES;
				CLANG_WARN_EMPTY_BODY = YES;
				CLANG_WARN_ENUM_CONVERSION = YES;
				CLANG_WARN_INFINITE_RECURSION = YES;
				CLANG_WARN_INT_CONVERSION = YES;
				CLANG_WARN_NON_LITERAL_NULL_CONVERSION = YES;
				CLANG_WARN_OBJC_IMPLICIT_RETAIN_SELF = YES;
				CLANG_WARN_OBJC_LITERAL_CONVERSION = YES;
				CLANG_WARN_OBJC_ROOT_CLASS = YES_ERROR;
				CLANG_WARN_QUOTED_INCLUDE_IN_FRAMEWORK_HEADER = YES;
				CLANG_WARN_RANGE_LOOP_ANALYSIS = YES;
				CLANG_WARN_STRICT_PROTOTYPES = YES;
				CLANG_WARN_SUSPICIOUS_MOVE = YES;
				CLANG_WARN_UNGUARDED_AVAILABILITY = YES_AGGRESSIVE;
				CLANG_WARN_UNREACHABLE_CODE = YES;
				CLANG_WARN__DUPLICATE_METHOD_MATCH = YES;
				COPY_PHASE_STRIP = NO;
				DEBUG_INFORMATION_FORMAT = "dwarf-with-dsym";
				ENABLE_NS_ASSERTIONS = NO;
				ENABLE_STRICT_OBJC_MSGSEND = YES;
				GCC_C_LANGUAGE_STANDARD = gnu11;
				GCC_NO_COMMON_BLOCKS = YES;
				GCC_WARN_64_TO_32_BIT_CONVERSION = YES;
				GCC_WARN_ABOUT_RETURN_TYPE = YES_ERROR;
				GCC_WARN_UNDECLARED_SELECTOR = YES;
				GCC_WARN_UNINITIALIZED_AUTOS = YES_AGGRESSIVE;
				GCC_WARN_UNUSED_FUNCTION = YES;
				GCC_WARN_UNUSED_VARIABLE = YES;
				MTL_ENABLE_DEBUG_INFO = NO;
				MTL_FAST_MATH = YES;
				SWIFT_COMPILATION_MODE = wholemodule;
				SWIFT_OPTIMIZATION_LEVEL = "-O";
			};
			name = Release;
		};
		E5C5BF5D29BA9EDF00AAB593 /* Debug */ = {
			isa = XCBuildConfiguration;
			buildSettings = {
				ASSETCATALOG_COMPILER_APPICON_NAME = AppIcon;
				ASSETCATALOG_COMPILER_GLOBAL_ACCENT_COLOR_NAME = AccentColor;
				CODE_SIGN_ENTITLEMENTS = CameraApp/CameraApp.entitlements;
				CODE_SIGN_STYLE = Automatic;
				CURRENT_PROJECT_VERSION = 1;
				DEVELOPMENT_ASSET_PATHS = "\"CameraApp/Preview Content\"";
				DEVELOPMENT_TEAM = 4A4DGXV9V7;
				ENABLE_HARDENED_RUNTIME = NO;
				"ENABLE_HARDENED_RUNTIME[sdk=macosx*]" = YES;
				ENABLE_PREVIEWS = YES;
				GENERATE_INFOPLIST_FILE = YES;
				INFOPLIST_FILE = CameraApp/Info.plist;
				INFOPLIST_KEY_CFBundleDisplayName = "Looking Glass";
				INFOPLIST_KEY_LSApplicationCategoryType = "public.app-category.photography";
				INFOPLIST_KEY_NSCameraUsageDescription = "$(PRODUCT_NAME)  wants to access the Camera.";
				INFOPLIST_KEY_NSPhotoLibraryUsageDescription = "$(PRODUCT_NAME)  wants to access the Photo Library.";
				"INFOPLIST_KEY_UIApplicationSceneManifest_Generation[sdk=iphoneos*]" = YES;
				"INFOPLIST_KEY_UIApplicationSceneManifest_Generation[sdk=iphonesimulator*]" = YES;
				"INFOPLIST_KEY_UIApplicationSupportsIndirectInputEvents[sdk=iphoneos*]" = YES;
				"INFOPLIST_KEY_UIApplicationSupportsIndirectInputEvents[sdk=iphonesimulator*]" = YES;
				"INFOPLIST_KEY_UILaunchScreen_Generation[sdk=iphoneos*]" = YES;
				"INFOPLIST_KEY_UILaunchScreen_Generation[sdk=iphonesimulator*]" = YES;
				INFOPLIST_KEY_UIRequiresFullScreen = YES;
				INFOPLIST_KEY_UIStatusBarHidden = NO;
				"INFOPLIST_KEY_UIStatusBarStyle[sdk=iphoneos*]" = UIStatusBarStyleDefault;
				"INFOPLIST_KEY_UIStatusBarStyle[sdk=iphonesimulator*]" = UIStatusBarStyleDefault;
				INFOPLIST_KEY_UISupportedInterfaceOrientations = UIInterfaceOrientationPortrait;
				IPHONEOS_DEPLOYMENT_TARGET = 16.2;
				LD_RUNPATH_SEARCH_PATHS = "@executable_path/Frameworks";
				"LD_RUNPATH_SEARCH_PATHS[sdk=macosx*]" = "@executable_path/../Frameworks";
				MACOSX_DEPLOYMENT_TARGET = 13.1;
				MARKETING_VERSION = 1.0;
				PRODUCT_BUNDLE_IDENTIFIER = "com.glass-imaging.CameraApp";
				PRODUCT_NAME = "$(TARGET_NAME)";
				SDKROOT = auto;
				SUPPORTED_PLATFORMS = "iphoneos iphonesimulator";
				SUPPORTS_MACCATALYST = YES;
				SUPPORTS_MAC_DESIGNED_FOR_IPHONE_IPAD = NO;
				SWIFT_EMIT_LOC_STRINGS = YES;
				SWIFT_VERSION = 5.0;
				TARGETED_DEVICE_FAMILY = "1,2";
			};
			name = Debug;
		};
		E5C5BF5E29BA9EDF00AAB593 /* Release */ = {
			isa = XCBuildConfiguration;
			buildSettings = {
				ASSETCATALOG_COMPILER_APPICON_NAME = AppIcon;
				ASSETCATALOG_COMPILER_GLOBAL_ACCENT_COLOR_NAME = AccentColor;
				CODE_SIGN_ENTITLEMENTS = CameraApp/CameraApp.entitlements;
				CODE_SIGN_STYLE = Automatic;
				CURRENT_PROJECT_VERSION = 1;
				DEVELOPMENT_ASSET_PATHS = "\"CameraApp/Preview Content\"";
				DEVELOPMENT_TEAM = 4A4DGXV9V7;
				ENABLE_HARDENED_RUNTIME = NO;
				"ENABLE_HARDENED_RUNTIME[sdk=macosx*]" = YES;
				ENABLE_PREVIEWS = YES;
				GENERATE_INFOPLIST_FILE = YES;
				INFOPLIST_FILE = CameraApp/Info.plist;
				INFOPLIST_KEY_CFBundleDisplayName = "Looking Glass";
				INFOPLIST_KEY_LSApplicationCategoryType = "public.app-category.photography";
				INFOPLIST_KEY_NSCameraUsageDescription = "$(PRODUCT_NAME)  wants to access the Camera.";
				INFOPLIST_KEY_NSPhotoLibraryUsageDescription = "$(PRODUCT_NAME)  wants to access the Photo Library.";
				"INFOPLIST_KEY_UIApplicationSceneManifest_Generation[sdk=iphoneos*]" = YES;
				"INFOPLIST_KEY_UIApplicationSceneManifest_Generation[sdk=iphonesimulator*]" = YES;
				"INFOPLIST_KEY_UIApplicationSupportsIndirectInputEvents[sdk=iphoneos*]" = YES;
				"INFOPLIST_KEY_UIApplicationSupportsIndirectInputEvents[sdk=iphonesimulator*]" = YES;
				"INFOPLIST_KEY_UILaunchScreen_Generation[sdk=iphoneos*]" = YES;
				"INFOPLIST_KEY_UILaunchScreen_Generation[sdk=iphonesimulator*]" = YES;
				INFOPLIST_KEY_UIRequiresFullScreen = YES;
				INFOPLIST_KEY_UIStatusBarHidden = NO;
				"INFOPLIST_KEY_UIStatusBarStyle[sdk=iphoneos*]" = UIStatusBarStyleDefault;
				"INFOPLIST_KEY_UIStatusBarStyle[sdk=iphonesimulator*]" = UIStatusBarStyleDefault;
				INFOPLIST_KEY_UISupportedInterfaceOrientations = UIInterfaceOrientationPortrait;
				IPHONEOS_DEPLOYMENT_TARGET = 16.2;
				LD_RUNPATH_SEARCH_PATHS = "@executable_path/Frameworks";
				"LD_RUNPATH_SEARCH_PATHS[sdk=macosx*]" = "@executable_path/../Frameworks";
				MACOSX_DEPLOYMENT_TARGET = 13.1;
				MARKETING_VERSION = 1.0;
				PRODUCT_BUNDLE_IDENTIFIER = "com.glass-imaging.CameraApp";
				PRODUCT_NAME = "$(TARGET_NAME)";
				SDKROOT = auto;
				SUPPORTED_PLATFORMS = "iphoneos iphonesimulator";
				SUPPORTS_MACCATALYST = YES;
				SUPPORTS_MAC_DESIGNED_FOR_IPHONE_IPAD = NO;
				SWIFT_EMIT_LOC_STRINGS = YES;
				SWIFT_VERSION = 5.0;
				TARGETED_DEVICE_FAMILY = "1,2";
			};
			name = Release;
		};
/* End XCBuildConfiguration section */

/* Begin XCConfigurationList section */
		E5C5BF4829BA9EDE00AAB593 /* Build configuration list for PBXProject "CameraApp" */ = {
			isa = XCConfigurationList;
			buildConfigurations = (
				E5C5BF5A29BA9EDF00AAB593 /* Debug */,
				E5C5BF5B29BA9EDF00AAB593 /* Release */,
			);
			defaultConfigurationIsVisible = 0;
			defaultConfigurationName = Release;
		};
		E5C5BF5C29BA9EDF00AAB593 /* Build configuration list for PBXNativeTarget "CameraApp" */ = {
			isa = XCConfigurationList;
			buildConfigurations = (
				E5C5BF5D29BA9EDF00AAB593 /* Debug */,
				E5C5BF5E29BA9EDF00AAB593 /* Release */,
			);
			defaultConfigurationIsVisible = 0;
			defaultConfigurationName = Release;
		};
/* End XCConfigurationList section */
	};
	rootObject = E5C5BF4529BA9EDE00AAB593 /* Project object */;
}
